// !$*UTF8*$!
{
	archiveVersion = 1;
	classes = {
	};
	objectVersion = 50;
	objects = {

/* Begin PBXBuildFile section */
		73161677218D9AD40034537D /* AppDelegate.m in Sources */ = {isa = PBXBuildFile; fileRef = 73161676218D9AD40034537D /* AppDelegate.m */; };
		7316167A218D9AD40034537D /* MainViewController.m in Sources */ = {isa = PBXBuildFile; fileRef = 73161679218D9AD40034537D /* MainViewController.m */; };
		7316167D218D9AD40034537D /* Main.storyboard in Resources */ = {isa = PBXBuildFile; fileRef = 7316167B218D9AD40034537D /* Main.storyboard */; };
		7316167F218D9AD70034537D /* Assets.xcassets in Resources */ = {isa = PBXBuildFile; fileRef = 7316167E218D9AD70034537D /* Assets.xcassets */; };
		73161682218D9AD70034537D /* LaunchScreen.storyboard in Resources */ = {isa = PBXBuildFile; fileRef = 73161680218D9AD70034537D /* LaunchScreen.storyboard */; };
		73161685218D9AD70034537D /* main.m in Sources */ = {isa = PBXBuildFile; fileRef = 73161684218D9AD70034537D /* main.m */; };
		73E34CC2218EABED00C2AB97 /* clock.wav in Resources */ = {isa = PBXBuildFile; fileRef = 73E34CC1218EABED00C2AB97 /* clock.wav */; };
		C0445903D3FCC01446EAA734 /* libPods-Meditation.a in Frameworks */ = {isa = PBXBuildFile; fileRef = 47C694913455423A28807B70 /* libPods-Meditation.a */; };
		D59DC025218FE8200013EC9A /* AAJSFiles.bundle in Resources */ = {isa = PBXBuildFile; fileRef = D59DBFE6218FE8200013EC9A /* AAJSFiles.bundle */; };
		D59DC026218FE8200013EC9A /* AAAreaspline.m in Sources */ = {isa = PBXBuildFile; fileRef = D59DBFE9218FE8200013EC9A /* AAAreaspline.m */; };
		D59DC027218FE8200013EC9A /* AALabels.m in Sources */ = {isa = PBXBuildFile; fileRef = D59DBFEB218FE8200013EC9A /* AALabels.m */; };
		D59DC028218FE8200013EC9A /* AASeries.m in Sources */ = {isa = PBXBuildFile; fileRef = D59DBFEE218FE8200013EC9A /* AASeries.m */; };
		D59DC029218FE8200013EC9A /* AAXAxis.m in Sources */ = {isa = PBXBuildFile; fileRef = D59DBFEF218FE8200013EC9A /* AAXAxis.m */; };
		D59DC02A218FE8200013EC9A /* AAPlotOptions.m in Sources */ = {isa = PBXBuildFile; fileRef = D59DBFF1218FE8200013EC9A /* AAPlotOptions.m */; };
		D59DC02B218FE8200013EC9A /* AADataLabels.m in Sources */ = {isa = PBXBuildFile; fileRef = D59DBFF2218FE8200013EC9A /* AADataLabels.m */; };
		D59DC02C218FE8200013EC9A /* AALine.m in Sources */ = {isa = PBXBuildFile; fileRef = D59DBFF3218FE8200013EC9A /* AALine.m */; };
		D59DC02D218FE8200013EC9A /* AATooltip.m in Sources */ = {isa = PBXBuildFile; fileRef = D59DBFF6218FE8200013EC9A /* AATooltip.m */; };
		D59DC02E218FE8200013EC9A /* AASubtitle.m in Sources */ = {isa = PBXBuildFile; fileRef = D59DBFF8218FE8200013EC9A /* AASubtitle.m */; };
		D59DC02F218FE8200013EC9A /* AAYAxis.m in Sources */ = {isa = PBXBuildFile; fileRef = D59DBFF9218FE8200013EC9A /* AAYAxis.m */; };
		D59DC030218FE8200013EC9A /* AACrosshair.m in Sources */ = {isa = PBXBuildFile; fileRef = D59DBFFA218FE8200013EC9A /* AACrosshair.m */; };
		D59DC031218FE8200013EC9A /* AAColumn.m in Sources */ = {isa = PBXBuildFile; fileRef = D59DBFFF218FE8200013EC9A /* AAColumn.m */; };
		D59DC032218FE8200013EC9A /* AAPlotLinesElement.m in Sources */ = {isa = PBXBuildFile; fileRef = D59DC000218FE8200013EC9A /* AAPlotLinesElement.m */; };
		D59DC033218FE8200013EC9A /* AAOptions3d.m in Sources */ = {isa = PBXBuildFile; fileRef = D59DC002218FE8200013EC9A /* AAOptions3d.m */; };
		D59DC034218FE8200013EC9A /* AAStyle.m in Sources */ = {isa = PBXBuildFile; fileRef = D59DC004218FE8200013EC9A /* AAStyle.m */; };
		D59DC035218FE8200013EC9A /* AABar.m in Sources */ = {isa = PBXBuildFile; fileRef = D59DC005218FE8200013EC9A /* AABar.m */; };
		D59DC036218FE8200013EC9A /* AATitle.m in Sources */ = {isa = PBXBuildFile; fileRef = D59DC006218FE8200013EC9A /* AATitle.m */; };
		D59DC037218FE8200013EC9A /* AAArea.m in Sources */ = {isa = PBXBuildFile; fileRef = D59DC009218FE8200013EC9A /* AAArea.m */; };
		D59DC038218FE8200013EC9A /* AAAnimation.m in Sources */ = {isa = PBXBuildFile; fileRef = D59DC00A218FE8200013EC9A /* AAAnimation.m */; };
		D59DC039218FE8200013EC9A /* AALegend.m in Sources */ = {isa = PBXBuildFile; fileRef = D59DC00B218FE8200013EC9A /* AALegend.m */; };
		D59DC03A218FE8200013EC9A /* AAMarker.m in Sources */ = {isa = PBXBuildFile; fileRef = D59DC00D218FE8200013EC9A /* AAMarker.m */; };
		D59DC03B218FE8200013EC9A /* AASpline.m in Sources */ = {isa = PBXBuildFile; fileRef = D59DC011218FE8200013EC9A /* AASpline.m */; };
		D59DC03C218FE8200013EC9A /* AAItemStyle.m in Sources */ = {isa = PBXBuildFile; fileRef = D59DC012218FE8200013EC9A /* AAItemStyle.m */; };
		D59DC03D218FE8200013EC9A /* AAPie.m in Sources */ = {isa = PBXBuildFile; fileRef = D59DC013218FE8200013EC9A /* AAPie.m */; };
		D59DC03E218FE8200013EC9A /* AAChart.m in Sources */ = {isa = PBXBuildFile; fileRef = D59DC019218FE8200013EC9A /* AAChart.m */; };
		D59DC03F218FE8200013EC9A /* AAChartView.m in Sources */ = {isa = PBXBuildFile; fileRef = D59DC01C218FE8200013EC9A /* AAChartView.m */; };
		D59DC040218FE8200013EC9A /* AAChartModel.m in Sources */ = {isa = PBXBuildFile; fileRef = D59DC01F218FE8200013EC9A /* AAChartModel.m */; };
		D59DC041218FE8200013EC9A /* AAOptions.m in Sources */ = {isa = PBXBuildFile; fileRef = D59DC021218FE8200013EC9A /* AAOptions.m */; };
		D59DC042218FE8200013EC9A /* AASeriesElement.m in Sources */ = {isa = PBXBuildFile; fileRef = D59DC022218FE8200013EC9A /* AASeriesElement.m */; };
		D59DC046218FEB9B0013EC9A /* HistoryViewController.m in Sources */ = {isa = PBXBuildFile; fileRef = D59DC045218FEB9B0013EC9A /* HistoryViewController.m */; };
		D59DC049218FECA70013EC9A /* MDViewController.m in Sources */ = {isa = PBXBuildFile; fileRef = D59DC048218FECA70013EC9A /* MDViewController.m */; };
		D59DC04C219028150013EC9A /* MDModel.m in Sources */ = {isa = PBXBuildFile; fileRef = D59DC04B219028150013EC9A /* MDModel.m */; };
		D59DC04F219028630013EC9A /* MDMeditationModel.m in Sources */ = {isa = PBXBuildFile; fileRef = D59DC04E219028630013EC9A /* MDMeditationModel.m */; };
		D59DC05221902E530013EC9A /* MDDistractionModel.m in Sources */ = {isa = PBXBuildFile; fileRef = D59DC05121902E530013EC9A /* MDDistractionModel.m */; };
		D59DC05621902F300013EC9A /* MDViewModel.m in Sources */ = {isa = PBXBuildFile; fileRef = D59DC05521902F300013EC9A /* MDViewModel.m */; };
		D59DC05921902F510013EC9A /* MDMainViewModel.m in Sources */ = {isa = PBXBuildFile; fileRef = D59DC05821902F510013EC9A /* MDMainViewModel.m */; };
		FCB5A77E219A5FB400AC5CE0 /* MDCalendarViewController.m in Sources */ = {isa = PBXBuildFile; fileRef = FCB5A77D219A5FB400AC5CE0 /* MDCalendarViewController.m */; };
		FCB5A781219A684D00AC5CE0 /* MDCalendarCell.m in Sources */ = {isa = PBXBuildFile; fileRef = FCB5A780219A684D00AC5CE0 /* MDCalendarCell.m */; };
		FCB5A785219A743E00AC5CE0 /* MDCalendarViewModel.m in Sources */ = {isa = PBXBuildFile; fileRef = FCB5A784219A743E00AC5CE0 /* MDCalendarViewModel.m */; };
		FCB5A788219AA41400AC5CE0 /* MDNavigationBar.m in Sources */ = {isa = PBXBuildFile; fileRef = FCB5A787219AA41400AC5CE0 /* MDNavigationBar.m */; };
		FCB5A78B219AA4FA00AC5CE0 /* MDView.m in Sources */ = {isa = PBXBuildFile; fileRef = FCB5A78A219AA4FA00AC5CE0 /* MDView.m */; };
		FCB5A790219AB76000AC5CE0 /* MDTabBarView.m in Sources */ = {isa = PBXBuildFile; fileRef = FCB5A78F219AB76000AC5CE0 /* MDTabBarView.m */; };
		FCB668A421952B2900AC8FC8 /* MDTabBarController.m in Sources */ = {isa = PBXBuildFile; fileRef = FCB668A321952B2900AC8FC8 /* MDTabBarController.m */; };
		FCB668A721952D5A00AC8FC8 /* MDContentViewController.m in Sources */ = {isa = PBXBuildFile; fileRef = FCB668A621952D5A00AC8FC8 /* MDContentViewController.m */; };
		FCB668AA219530DC00AC8FC8 /* MDDetailViewController.m in Sources */ = {isa = PBXBuildFile; fileRef = FCB668A9219530DC00AC8FC8 /* MDDetailViewController.m */; };
		FCB668AF2195831400AC8FC8 /* StageOneViewController.m in Sources */ = {isa = PBXBuildFile; fileRef = FCB668AE2195831400AC8FC8 /* StageOneViewController.m */; };
		FCB668B4219585E300AC8FC8 /* StageZeroViewController.m in Sources */ = {isa = PBXBuildFile; fileRef = FCB668B3219585E300AC8FC8 /* StageZeroViewController.m */; };
/* End PBXBuildFile section */

/* Begin PBXFileReference section */
		06B3B5E6178C93E6798D676A /* Pods-Meditation.release.xcconfig */ = {isa = PBXFileReference; includeInIndex = 1; lastKnownFileType = text.xcconfig; name = "Pods-Meditation.release.xcconfig"; path = "Pods/Target Support Files/Pods-Meditation/Pods-Meditation.release.xcconfig"; sourceTree = "<group>"; };
		1462C2D6EC460660A55C07BB /* Pods-Meditation.debug.xcconfig */ = {isa = PBXFileReference; includeInIndex = 1; lastKnownFileType = text.xcconfig; name = "Pods-Meditation.debug.xcconfig"; path = "Pods/Target Support Files/Pods-Meditation/Pods-Meditation.debug.xcconfig"; sourceTree = "<group>"; };
		47C694913455423A28807B70 /* libPods-Meditation.a */ = {isa = PBXFileReference; explicitFileType = archive.ar; includeInIndex = 0; path = "libPods-Meditation.a"; sourceTree = BUILT_PRODUCTS_DIR; };
		73161672218D9AD40034537D /* Meditation.app */ = {isa = PBXFileReference; explicitFileType = wrapper.application; includeInIndex = 0; path = Meditation.app; sourceTree = BUILT_PRODUCTS_DIR; };
		73161675218D9AD40034537D /* AppDelegate.h */ = {isa = PBXFileReference; lastKnownFileType = sourcecode.c.h; path = AppDelegate.h; sourceTree = "<group>"; };
		73161676218D9AD40034537D /* AppDelegate.m */ = {isa = PBXFileReference; lastKnownFileType = sourcecode.c.objc; path = AppDelegate.m; sourceTree = "<group>"; };
		73161678218D9AD40034537D /* MainViewController.h */ = {isa = PBXFileReference; lastKnownFileType = sourcecode.c.h; path = MainViewController.h; sourceTree = "<group>"; };
		73161679218D9AD40034537D /* MainViewController.m */ = {isa = PBXFileReference; lastKnownFileType = sourcecode.c.objc; path = MainViewController.m; sourceTree = "<group>"; };
		7316167C218D9AD40034537D /* Base */ = {isa = PBXFileReference; lastKnownFileType = file.storyboard; name = Base; path = Base.lproj/Main.storyboard; sourceTree = "<group>"; };
		7316167E218D9AD70034537D /* Assets.xcassets */ = {isa = PBXFileReference; lastKnownFileType = folder.assetcatalog; path = Assets.xcassets; sourceTree = "<group>"; };
		73161681218D9AD70034537D /* Base */ = {isa = PBXFileReference; lastKnownFileType = file.storyboard; name = Base; path = Base.lproj/LaunchScreen.storyboard; sourceTree = "<group>"; };
		73161683218D9AD70034537D /* Info.plist */ = {isa = PBXFileReference; lastKnownFileType = text.plist.xml; path = Info.plist; sourceTree = "<group>"; };
		73161684218D9AD70034537D /* main.m */ = {isa = PBXFileReference; lastKnownFileType = sourcecode.c.objc; path = main.m; sourceTree = "<group>"; };
		738EF605218E906000A9E811 /* PrefixHeader.pch */ = {isa = PBXFileReference; lastKnownFileType = sourcecode.c.h; path = PrefixHeader.pch; sourceTree = "<group>"; };
		73E34CC1218EABED00C2AB97 /* clock.wav */ = {isa = PBXFileReference; lastKnownFileType = audio.wav; path = clock.wav; sourceTree = "<group>"; };
		D59DBFE6218FE8200013EC9A /* AAJSFiles.bundle */ = {isa = PBXFileReference; lastKnownFileType = "wrapper.plug-in"; path = AAJSFiles.bundle; sourceTree = "<group>"; };
		D59DBFE8218FE8200013EC9A /* AAArea.h */ = {isa = PBXFileReference; fileEncoding = 4; lastKnownFileType = sourcecode.c.h; path = AAArea.h; sourceTree = "<group>"; };
		D59DBFE9218FE8200013EC9A /* AAAreaspline.m */ = {isa = PBXFileReference; fileEncoding = 4; lastKnownFileType = sourcecode.c.objc; path = AAAreaspline.m; sourceTree = "<group>"; };
		D59DBFEA218FE8200013EC9A /* AATitle.h */ = {isa = PBXFileReference; fileEncoding = 4; lastKnownFileType = sourcecode.c.h; path = AATitle.h; sourceTree = "<group>"; };
		D59DBFEB218FE8200013EC9A /* AALabels.m */ = {isa = PBXFileReference; fileEncoding = 4; lastKnownFileType = sourcecode.c.objc; path = AALabels.m; sourceTree = "<group>"; };
		D59DBFEC218FE8200013EC9A /* AAStyle.h */ = {isa = PBXFileReference; fileEncoding = 4; lastKnownFileType = sourcecode.c.h; path = AAStyle.h; sourceTree = "<group>"; };
		D59DBFED218FE8200013EC9A /* AABar.h */ = {isa = PBXFileReference; fileEncoding = 4; lastKnownFileType = sourcecode.c.h; path = AABar.h; sourceTree = "<group>"; };
		D59DBFEE218FE8200013EC9A /* AASeries.m */ = {isa = PBXFileReference; fileEncoding = 4; lastKnownFileType = sourcecode.c.objc; path = AASeries.m; sourceTree = "<group>"; };
		D59DBFEF218FE8200013EC9A /* AAXAxis.m */ = {isa = PBXFileReference; fileEncoding = 4; lastKnownFileType = sourcecode.c.objc; path = AAXAxis.m; sourceTree = "<group>"; };
		D59DBFF0218FE8200013EC9A /* AAOptions3d.h */ = {isa = PBXFileReference; fileEncoding = 4; lastKnownFileType = sourcecode.c.h; path = AAOptions3d.h; sourceTree = "<group>"; };
		D59DBFF1218FE8200013EC9A /* AAPlotOptions.m */ = {isa = PBXFileReference; fileEncoding = 4; lastKnownFileType = sourcecode.c.objc; path = AAPlotOptions.m; sourceTree = "<group>"; };
		D59DBFF2218FE8200013EC9A /* AADataLabels.m */ = {isa = PBXFileReference; fileEncoding = 4; lastKnownFileType = sourcecode.c.objc; path = AADataLabels.m; sourceTree = "<group>"; };
		D59DBFF3218FE8200013EC9A /* AALine.m */ = {isa = PBXFileReference; fileEncoding = 4; lastKnownFileType = sourcecode.c.objc; path = AALine.m; sourceTree = "<group>"; };
		D59DBFF4218FE8200013EC9A /* AAMarker.h */ = {isa = PBXFileReference; fileEncoding = 4; lastKnownFileType = sourcecode.c.h; path = AAMarker.h; sourceTree = "<group>"; };
		D59DBFF5218FE8200013EC9A /* AALegend.h */ = {isa = PBXFileReference; fileEncoding = 4; lastKnownFileType = sourcecode.c.h; path = AALegend.h; sourceTree = "<group>"; };
		D59DBFF6218FE8200013EC9A /* AATooltip.m */ = {isa = PBXFileReference; fileEncoding = 4; lastKnownFileType = sourcecode.c.objc; path = AATooltip.m; sourceTree = "<group>"; };
		D59DBFF7218FE8200013EC9A /* AAAnimation.h */ = {isa = PBXFileReference; fileEncoding = 4; lastKnownFileType = sourcecode.c.h; path = AAAnimation.h; sourceTree = "<group>"; };
		D59DBFF8218FE8200013EC9A /* AASubtitle.m */ = {isa = PBXFileReference; fileEncoding = 4; lastKnownFileType = sourcecode.c.objc; path = AASubtitle.m; sourceTree = "<group>"; };
		D59DBFF9218FE8200013EC9A /* AAYAxis.m */ = {isa = PBXFileReference; fileEncoding = 4; lastKnownFileType = sourcecode.c.objc; path = AAYAxis.m; sourceTree = "<group>"; };
		D59DBFFA218FE8200013EC9A /* AACrosshair.m */ = {isa = PBXFileReference; fileEncoding = 4; lastKnownFileType = sourcecode.c.objc; path = AACrosshair.m; sourceTree = "<group>"; };
		D59DBFFB218FE8200013EC9A /* AAPie.h */ = {isa = PBXFileReference; fileEncoding = 4; lastKnownFileType = sourcecode.c.h; path = AAPie.h; sourceTree = "<group>"; };
		D59DBFFC218FE8200013EC9A /* AAItemStyle.h */ = {isa = PBXFileReference; fileEncoding = 4; lastKnownFileType = sourcecode.c.h; path = AAItemStyle.h; sourceTree = "<group>"; };
		D59DBFFD218FE8200013EC9A /* AASpline.h */ = {isa = PBXFileReference; fileEncoding = 4; lastKnownFileType = sourcecode.c.h; path = AASpline.h; sourceTree = "<group>"; };
		D59DBFFE218FE8200013EC9A /* AAChart.h */ = {isa = PBXFileReference; fileEncoding = 4; lastKnownFileType = sourcecode.c.h; path = AAChart.h; sourceTree = "<group>"; };
		D59DBFFF218FE8200013EC9A /* AAColumn.m */ = {isa = PBXFileReference; fileEncoding = 4; lastKnownFileType = sourcecode.c.objc; path = AAColumn.m; sourceTree = "<group>"; };
		D59DC000218FE8200013EC9A /* AAPlotLinesElement.m */ = {isa = PBXFileReference; fileEncoding = 4; lastKnownFileType = sourcecode.c.objc; path = AAPlotLinesElement.m; sourceTree = "<group>"; };
		D59DC001218FE8200013EC9A /* AAXAxis.h */ = {isa = PBXFileReference; fileEncoding = 4; lastKnownFileType = sourcecode.c.h; path = AAXAxis.h; sourceTree = "<group>"; };
		D59DC002218FE8200013EC9A /* AAOptions3d.m */ = {isa = PBXFileReference; fileEncoding = 4; lastKnownFileType = sourcecode.c.objc; path = AAOptions3d.m; sourceTree = "<group>"; };
		D59DC003218FE8200013EC9A /* AASeries.h */ = {isa = PBXFileReference; fileEncoding = 4; lastKnownFileType = sourcecode.c.h; path = AASeries.h; sourceTree = "<group>"; };
		D59DC004218FE8200013EC9A /* AAStyle.m */ = {isa = PBXFileReference; fileEncoding = 4; lastKnownFileType = sourcecode.c.objc; path = AAStyle.m; sourceTree = "<group>"; };
		D59DC005218FE8200013EC9A /* AABar.m */ = {isa = PBXFileReference; fileEncoding = 4; lastKnownFileType = sourcecode.c.objc; path = AABar.m; sourceTree = "<group>"; };
		D59DC006218FE8200013EC9A /* AATitle.m */ = {isa = PBXFileReference; fileEncoding = 4; lastKnownFileType = sourcecode.c.objc; path = AATitle.m; sourceTree = "<group>"; };
		D59DC007218FE8200013EC9A /* AALabels.h */ = {isa = PBXFileReference; fileEncoding = 4; lastKnownFileType = sourcecode.c.h; path = AALabels.h; sourceTree = "<group>"; };
		D59DC008218FE8200013EC9A /* AAAreaspline.h */ = {isa = PBXFileReference; fileEncoding = 4; lastKnownFileType = sourcecode.c.h; path = AAAreaspline.h; sourceTree = "<group>"; };
		D59DC009218FE8200013EC9A /* AAArea.m */ = {isa = PBXFileReference; fileEncoding = 4; lastKnownFileType = sourcecode.c.objc; path = AAArea.m; sourceTree = "<group>"; };
		D59DC00A218FE8200013EC9A /* AAAnimation.m */ = {isa = PBXFileReference; fileEncoding = 4; lastKnownFileType = sourcecode.c.objc; path = AAAnimation.m; sourceTree = "<group>"; };
		D59DC00B218FE8200013EC9A /* AALegend.m */ = {isa = PBXFileReference; fileEncoding = 4; lastKnownFileType = sourcecode.c.objc; path = AALegend.m; sourceTree = "<group>"; };
		D59DC00C218FE8200013EC9A /* AATooltip.h */ = {isa = PBXFileReference; fileEncoding = 4; lastKnownFileType = sourcecode.c.h; path = AATooltip.h; sourceTree = "<group>"; };
		D59DC00D218FE8200013EC9A /* AAMarker.m */ = {isa = PBXFileReference; fileEncoding = 4; lastKnownFileType = sourcecode.c.objc; path = AAMarker.m; sourceTree = "<group>"; };
		D59DC00E218FE8200013EC9A /* AALine.h */ = {isa = PBXFileReference; fileEncoding = 4; lastKnownFileType = sourcecode.c.h; path = AALine.h; sourceTree = "<group>"; };
		D59DC00F218FE8200013EC9A /* AADataLabels.h */ = {isa = PBXFileReference; fileEncoding = 4; lastKnownFileType = sourcecode.c.h; path = AADataLabels.h; sourceTree = "<group>"; };
		D59DC010218FE8200013EC9A /* AAPlotOptions.h */ = {isa = PBXFileReference; fileEncoding = 4; lastKnownFileType = sourcecode.c.h; path = AAPlotOptions.h; sourceTree = "<group>"; };
		D59DC011218FE8200013EC9A /* AASpline.m */ = {isa = PBXFileReference; fileEncoding = 4; lastKnownFileType = sourcecode.c.objc; path = AASpline.m; sourceTree = "<group>"; };
		D59DC012218FE8200013EC9A /* AAItemStyle.m */ = {isa = PBXFileReference; fileEncoding = 4; lastKnownFileType = sourcecode.c.objc; path = AAItemStyle.m; sourceTree = "<group>"; };
		D59DC013218FE8200013EC9A /* AAPie.m */ = {isa = PBXFileReference; fileEncoding = 4; lastKnownFileType = sourcecode.c.objc; path = AAPie.m; sourceTree = "<group>"; };
		D59DC014218FE8200013EC9A /* AACrosshair.h */ = {isa = PBXFileReference; fileEncoding = 4; lastKnownFileType = sourcecode.c.h; path = AACrosshair.h; sourceTree = "<group>"; };
		D59DC015218FE8200013EC9A /* AAYAxis.h */ = {isa = PBXFileReference; fileEncoding = 4; lastKnownFileType = sourcecode.c.h; path = AAYAxis.h; sourceTree = "<group>"; };
		D59DC016218FE8200013EC9A /* AASubtitle.h */ = {isa = PBXFileReference; fileEncoding = 4; lastKnownFileType = sourcecode.c.h; path = AASubtitle.h; sourceTree = "<group>"; };
		D59DC017218FE8200013EC9A /* AAPlotLinesElement.h */ = {isa = PBXFileReference; fileEncoding = 4; lastKnownFileType = sourcecode.c.h; path = AAPlotLinesElement.h; sourceTree = "<group>"; };
		D59DC018218FE8200013EC9A /* AAColumn.h */ = {isa = PBXFileReference; fileEncoding = 4; lastKnownFileType = sourcecode.c.h; path = AAColumn.h; sourceTree = "<group>"; };
		D59DC019218FE8200013EC9A /* AAChart.m */ = {isa = PBXFileReference; fileEncoding = 4; lastKnownFileType = sourcecode.c.objc; path = AAChart.m; sourceTree = "<group>"; };
		D59DC01B218FE8200013EC9A /* AAOptions.h */ = {isa = PBXFileReference; fileEncoding = 4; lastKnownFileType = sourcecode.c.h; path = AAOptions.h; sourceTree = "<group>"; };
		D59DC01C218FE8200013EC9A /* AAChartView.m */ = {isa = PBXFileReference; fileEncoding = 4; lastKnownFileType = sourcecode.c.objc; path = AAChartView.m; sourceTree = "<group>"; };
		D59DC01D218FE8200013EC9A /* AAGlobalMacro.h */ = {isa = PBXFileReference; fileEncoding = 4; lastKnownFileType = sourcecode.c.h; path = AAGlobalMacro.h; sourceTree = "<group>"; };
		D59DC01E218FE8200013EC9A /* AASeriesElement.h */ = {isa = PBXFileReference; fileEncoding = 4; lastKnownFileType = sourcecode.c.h; path = AASeriesElement.h; sourceTree = "<group>"; };
		D59DC01F218FE8200013EC9A /* AAChartModel.m */ = {isa = PBXFileReference; fileEncoding = 4; lastKnownFileType = sourcecode.c.objc; path = AAChartModel.m; sourceTree = "<group>"; };
		D59DC020218FE8200013EC9A /* AAChartKit.h */ = {isa = PBXFileReference; fileEncoding = 4; lastKnownFileType = sourcecode.c.h; path = AAChartKit.h; sourceTree = "<group>"; };
		D59DC021218FE8200013EC9A /* AAOptions.m */ = {isa = PBXFileReference; fileEncoding = 4; lastKnownFileType = sourcecode.c.objc; path = AAOptions.m; sourceTree = "<group>"; };
		D59DC022218FE8200013EC9A /* AASeriesElement.m */ = {isa = PBXFileReference; fileEncoding = 4; lastKnownFileType = sourcecode.c.objc; path = AASeriesElement.m; sourceTree = "<group>"; };
		D59DC023218FE8200013EC9A /* AAChartView.h */ = {isa = PBXFileReference; fileEncoding = 4; lastKnownFileType = sourcecode.c.h; path = AAChartView.h; sourceTree = "<group>"; };
		D59DC024218FE8200013EC9A /* AAChartModel.h */ = {isa = PBXFileReference; fileEncoding = 4; lastKnownFileType = sourcecode.c.h; path = AAChartModel.h; sourceTree = "<group>"; };
		D59DC044218FEB9B0013EC9A /* HistoryViewController.h */ = {isa = PBXFileReference; lastKnownFileType = sourcecode.c.h; path = HistoryViewController.h; sourceTree = "<group>"; };
		D59DC045218FEB9B0013EC9A /* HistoryViewController.m */ = {isa = PBXFileReference; lastKnownFileType = sourcecode.c.objc; path = HistoryViewController.m; sourceTree = "<group>"; };
		D59DC047218FECA70013EC9A /* MDViewController.h */ = {isa = PBXFileReference; lastKnownFileType = sourcecode.c.h; path = MDViewController.h; sourceTree = "<group>"; };
		D59DC048218FECA70013EC9A /* MDViewController.m */ = {isa = PBXFileReference; lastKnownFileType = sourcecode.c.objc; path = MDViewController.m; sourceTree = "<group>"; };
		D59DC04A219028150013EC9A /* MDModel.h */ = {isa = PBXFileReference; lastKnownFileType = sourcecode.c.h; path = MDModel.h; sourceTree = "<group>"; };
		D59DC04B219028150013EC9A /* MDModel.m */ = {isa = PBXFileReference; lastKnownFileType = sourcecode.c.objc; path = MDModel.m; sourceTree = "<group>"; };
		D59DC04D219028630013EC9A /* MDMeditationModel.h */ = {isa = PBXFileReference; lastKnownFileType = sourcecode.c.h; path = MDMeditationModel.h; sourceTree = "<group>"; };
		D59DC04E219028630013EC9A /* MDMeditationModel.m */ = {isa = PBXFileReference; lastKnownFileType = sourcecode.c.objc; path = MDMeditationModel.m; sourceTree = "<group>"; };
		D59DC05021902E530013EC9A /* MDDistractionModel.h */ = {isa = PBXFileReference; lastKnownFileType = sourcecode.c.h; path = MDDistractionModel.h; sourceTree = "<group>"; };
		D59DC05121902E530013EC9A /* MDDistractionModel.m */ = {isa = PBXFileReference; lastKnownFileType = sourcecode.c.objc; path = MDDistractionModel.m; sourceTree = "<group>"; };
		D59DC05421902F300013EC9A /* MDViewModel.h */ = {isa = PBXFileReference; lastKnownFileType = sourcecode.c.h; path = MDViewModel.h; sourceTree = "<group>"; };
		D59DC05521902F300013EC9A /* MDViewModel.m */ = {isa = PBXFileReference; lastKnownFileType = sourcecode.c.objc; path = MDViewModel.m; sourceTree = "<group>"; };
		D59DC05721902F510013EC9A /* MDMainViewModel.h */ = {isa = PBXFileReference; lastKnownFileType = sourcecode.c.h; path = MDMainViewModel.h; sourceTree = "<group>"; };
		D59DC05821902F510013EC9A /* MDMainViewModel.m */ = {isa = PBXFileReference; lastKnownFileType = sourcecode.c.objc; path = MDMainViewModel.m; sourceTree = "<group>"; };
		FCB5A77C219A5FB400AC5CE0 /* MDCalendarViewController.h */ = {isa = PBXFileReference; lastKnownFileType = sourcecode.c.h; path = MDCalendarViewController.h; sourceTree = "<group>"; };
		FCB5A77D219A5FB400AC5CE0 /* MDCalendarViewController.m */ = {isa = PBXFileReference; lastKnownFileType = sourcecode.c.objc; path = MDCalendarViewController.m; sourceTree = "<group>"; };
		FCB5A77F219A684D00AC5CE0 /* MDCalendarCell.h */ = {isa = PBXFileReference; lastKnownFileType = sourcecode.c.h; path = MDCalendarCell.h; sourceTree = "<group>"; };
		FCB5A780219A684D00AC5CE0 /* MDCalendarCell.m */ = {isa = PBXFileReference; lastKnownFileType = sourcecode.c.objc; path = MDCalendarCell.m; sourceTree = "<group>"; };
		FCB5A783219A743E00AC5CE0 /* MDCalendarViewModel.h */ = {isa = PBXFileReference; lastKnownFileType = sourcecode.c.h; path = MDCalendarViewModel.h; sourceTree = "<group>"; };
		FCB5A784219A743E00AC5CE0 /* MDCalendarViewModel.m */ = {isa = PBXFileReference; lastKnownFileType = sourcecode.c.objc; path = MDCalendarViewModel.m; sourceTree = "<group>"; };
		FCB5A786219AA41400AC5CE0 /* MDNavigationBar.h */ = {isa = PBXFileReference; lastKnownFileType = sourcecode.c.h; path = MDNavigationBar.h; sourceTree = "<group>"; };
		FCB5A787219AA41400AC5CE0 /* MDNavigationBar.m */ = {isa = PBXFileReference; lastKnownFileType = sourcecode.c.objc; path = MDNavigationBar.m; sourceTree = "<group>"; };
		FCB5A789219AA4FA00AC5CE0 /* MDView.h */ = {isa = PBXFileReference; lastKnownFileType = sourcecode.c.h; path = MDView.h; sourceTree = "<group>"; };
		FCB5A78A219AA4FA00AC5CE0 /* MDView.m */ = {isa = PBXFileReference; lastKnownFileType = sourcecode.c.objc; path = MDView.m; sourceTree = "<group>"; };
		FCB5A78C219AA6A500AC5CE0 /* MDCommonMacro.h */ = {isa = PBXFileReference; lastKnownFileType = sourcecode.c.h; path = MDCommonMacro.h; sourceTree = "<group>"; };
		FCB5A78E219AB76000AC5CE0 /* MDTabBarView.h */ = {isa = PBXFileReference; lastKnownFileType = sourcecode.c.h; path = MDTabBarView.h; sourceTree = "<group>"; };
		FCB5A78F219AB76000AC5CE0 /* MDTabBarView.m */ = {isa = PBXFileReference; lastKnownFileType = sourcecode.c.objc; path = MDTabBarView.m; sourceTree = "<group>"; };
		FCB668A221952B2900AC8FC8 /* MDTabBarController.h */ = {isa = PBXFileReference; lastKnownFileType = sourcecode.c.h; path = MDTabBarController.h; sourceTree = "<group>"; };
		FCB668A321952B2900AC8FC8 /* MDTabBarController.m */ = {isa = PBXFileReference; lastKnownFileType = sourcecode.c.objc; path = MDTabBarController.m; sourceTree = "<group>"; };
		FCB668A521952D5A00AC8FC8 /* MDContentViewController.h */ = {isa = PBXFileReference; lastKnownFileType = sourcecode.c.h; path = MDContentViewController.h; sourceTree = "<group>"; };
		FCB668A621952D5A00AC8FC8 /* MDContentViewController.m */ = {isa = PBXFileReference; lastKnownFileType = sourcecode.c.objc; path = MDContentViewController.m; sourceTree = "<group>"; };
		FCB668A8219530DC00AC8FC8 /* MDDetailViewController.h */ = {isa = PBXFileReference; lastKnownFileType = sourcecode.c.h; path = MDDetailViewController.h; sourceTree = "<group>"; };
		FCB668A9219530DC00AC8FC8 /* MDDetailViewController.m */ = {isa = PBXFileReference; lastKnownFileType = sourcecode.c.objc; path = MDDetailViewController.m; sourceTree = "<group>"; };
		FCB668AD2195831400AC8FC8 /* StageOneViewController.h */ = {isa = PBXFileReference; lastKnownFileType = sourcecode.c.h; path = StageOneViewController.h; sourceTree = "<group>"; };
		FCB668AE2195831400AC8FC8 /* StageOneViewController.m */ = {isa = PBXFileReference; lastKnownFileType = sourcecode.c.objc; path = StageOneViewController.m; sourceTree = "<group>"; };
		FCB668B2219585E300AC8FC8 /* StageZeroViewController.h */ = {isa = PBXFileReference; lastKnownFileType = sourcecode.c.h; path = StageZeroViewController.h; sourceTree = "<group>"; };
		FCB668B3219585E300AC8FC8 /* StageZeroViewController.m */ = {isa = PBXFileReference; lastKnownFileType = sourcecode.c.objc; path = StageZeroViewController.m; sourceTree = "<group>"; };
/* End PBXFileReference section */

/* Begin PBXFrameworksBuildPhase section */
		7316166F218D9AD40034537D /* Frameworks */ = {
			isa = PBXFrameworksBuildPhase;
			buildActionMask = 2147483647;
			files = (
				C0445903D3FCC01446EAA734 /* libPods-Meditation.a in Frameworks */,
			);
			runOnlyForDeploymentPostprocessing = 0;
		};
/* End PBXFrameworksBuildPhase section */

/* Begin PBXGroup section */
		123842687C8F31B446D18F33 /* Frameworks */ = {
			isa = PBXGroup;
			children = (
				47C694913455423A28807B70 /* libPods-Meditation.a */,
			);
			name = Frameworks;
			sourceTree = "<group>";
		};
		73161669218D9AD40034537D = {
			isa = PBXGroup;
			children = (
				73161674218D9AD40034537D /* Meditation */,
				73161673218D9AD40034537D /* Products */,
				95F7EFA28D3E2A9528940837 /* Pods */,
				123842687C8F31B446D18F33 /* Frameworks */,
			);
			sourceTree = "<group>";
		};
		73161673218D9AD40034537D /* Products */ = {
			isa = PBXGroup;
			children = (
				73161672218D9AD40034537D /* Meditation.app */,
			);
			name = Products;
			sourceTree = "<group>";
		};
		73161674218D9AD40034537D /* Meditation */ = {
			isa = PBXGroup;
			children = (
				D59DC043218FE8260013EC9A /* ThirdParty */,
				D59DBFE4218FE7A90013EC9A /* Others */,
				73161675218D9AD40034537D /* AppDelegate.h */,
				73161676218D9AD40034537D /* AppDelegate.m */,
				FCB5A782219A741100AC5CE0 /* StatisticModule */,
				FCB668B02195853800AC8FC8 /* MainModule */,
				FCB5A78D219AACFE00AC5CE0 /* Base */,
				D59DC044218FEB9B0013EC9A /* HistoryViewController.h */,
				D59DC045218FEB9B0013EC9A /* HistoryViewController.m */,
				FCB668A221952B2900AC8FC8 /* MDTabBarController.h */,
				FCB668A321952B2900AC8FC8 /* MDTabBarController.m */,
				FCB668A521952D5A00AC8FC8 /* MDContentViewController.h */,
				FCB668A621952D5A00AC8FC8 /* MDContentViewController.m */,
				FCB668A8219530DC00AC8FC8 /* MDDetailViewController.h */,
				FCB668A9219530DC00AC8FC8 /* MDDetailViewController.m */,
				FCB5A78E219AB76000AC5CE0 /* MDTabBarView.h */,
				FCB5A78F219AB76000AC5CE0 /* MDTabBarView.m */,
			);
			path = Meditation;
			sourceTree = "<group>";
		};
		95F7EFA28D3E2A9528940837 /* Pods */ = {
			isa = PBXGroup;
			children = (
				1462C2D6EC460660A55C07BB /* Pods-Meditation.debug.xcconfig */,
				06B3B5E6178C93E6798D676A /* Pods-Meditation.release.xcconfig */,
			);
			name = Pods;
			sourceTree = "<group>";
		};
		D59DBFE4218FE7A90013EC9A /* Others */ = {
			isa = PBXGroup;
			children = (
				7316167B218D9AD40034537D /* Main.storyboard */,
				7316167E218D9AD70034537D /* Assets.xcassets */,
				73161680218D9AD70034537D /* LaunchScreen.storyboard */,
				73E34CC1218EABED00C2AB97 /* clock.wav */,
				73161683218D9AD70034537D /* Info.plist */,
				73161684218D9AD70034537D /* main.m */,
				738EF605218E906000A9E811 /* PrefixHeader.pch */,
				FCB5A78C219AA6A500AC5CE0 /* MDCommonMacro.h */,
			);
			path = Others;
			sourceTree = "<group>";
		};
		D59DBFE5218FE8200013EC9A /* AAChartKitLib */ = {
			isa = PBXGroup;
			children = (
				D59DBFE6218FE8200013EC9A /* AAJSFiles.bundle */,
				D59DBFE7218FE8200013EC9A /* AAOptionsModel */,
				D59DC01A218FE8200013EC9A /* AAChartConfiger */,
			);
			path = AAChartKitLib;
			sourceTree = "<group>";
		};
		D59DBFE7218FE8200013EC9A /* AAOptionsModel */ = {
			isa = PBXGroup;
			children = (
				D59DBFE8218FE8200013EC9A /* AAArea.h */,
				D59DBFE9218FE8200013EC9A /* AAAreaspline.m */,
				D59DBFEA218FE8200013EC9A /* AATitle.h */,
				D59DBFEB218FE8200013EC9A /* AALabels.m */,
				D59DBFEC218FE8200013EC9A /* AAStyle.h */,
				D59DBFED218FE8200013EC9A /* AABar.h */,
				D59DBFEE218FE8200013EC9A /* AASeries.m */,
				D59DBFEF218FE8200013EC9A /* AAXAxis.m */,
				D59DBFF0218FE8200013EC9A /* AAOptions3d.h */,
				D59DBFF1218FE8200013EC9A /* AAPlotOptions.m */,
				D59DBFF2218FE8200013EC9A /* AADataLabels.m */,
				D59DBFF3218FE8200013EC9A /* AALine.m */,
				D59DBFF4218FE8200013EC9A /* AAMarker.h */,
				D59DBFF5218FE8200013EC9A /* AALegend.h */,
				D59DBFF6218FE8200013EC9A /* AATooltip.m */,
				D59DBFF7218FE8200013EC9A /* AAAnimation.h */,
				D59DBFF8218FE8200013EC9A /* AASubtitle.m */,
				D59DBFF9218FE8200013EC9A /* AAYAxis.m */,
				D59DBFFA218FE8200013EC9A /* AACrosshair.m */,
				D59DBFFB218FE8200013EC9A /* AAPie.h */,
				D59DBFFC218FE8200013EC9A /* AAItemStyle.h */,
				D59DBFFD218FE8200013EC9A /* AASpline.h */,
				D59DBFFE218FE8200013EC9A /* AAChart.h */,
				D59DBFFF218FE8200013EC9A /* AAColumn.m */,
				D59DC000218FE8200013EC9A /* AAPlotLinesElement.m */,
				D59DC001218FE8200013EC9A /* AAXAxis.h */,
				D59DC002218FE8200013EC9A /* AAOptions3d.m */,
				D59DC003218FE8200013EC9A /* AASeries.h */,
				D59DC004218FE8200013EC9A /* AAStyle.m */,
				D59DC005218FE8200013EC9A /* AABar.m */,
				D59DC006218FE8200013EC9A /* AATitle.m */,
				D59DC007218FE8200013EC9A /* AALabels.h */,
				D59DC008218FE8200013EC9A /* AAAreaspline.h */,
				D59DC009218FE8200013EC9A /* AAArea.m */,
				D59DC00A218FE8200013EC9A /* AAAnimation.m */,
				D59DC00B218FE8200013EC9A /* AALegend.m */,
				D59DC00C218FE8200013EC9A /* AATooltip.h */,
				D59DC00D218FE8200013EC9A /* AAMarker.m */,
				D59DC00E218FE8200013EC9A /* AALine.h */,
				D59DC00F218FE8200013EC9A /* AADataLabels.h */,
				D59DC010218FE8200013EC9A /* AAPlotOptions.h */,
				D59DC011218FE8200013EC9A /* AASpline.m */,
				D59DC012218FE8200013EC9A /* AAItemStyle.m */,
				D59DC013218FE8200013EC9A /* AAPie.m */,
				D59DC014218FE8200013EC9A /* AACrosshair.h */,
				D59DC015218FE8200013EC9A /* AAYAxis.h */,
				D59DC016218FE8200013EC9A /* AASubtitle.h */,
				D59DC017218FE8200013EC9A /* AAPlotLinesElement.h */,
				D59DC018218FE8200013EC9A /* AAColumn.h */,
				D59DC019218FE8200013EC9A /* AAChart.m */,
			);
			path = AAOptionsModel;
			sourceTree = "<group>";
		};
		D59DC01A218FE8200013EC9A /* AAChartConfiger */ = {
			isa = PBXGroup;
			children = (
				D59DC01B218FE8200013EC9A /* AAOptions.h */,
				D59DC01C218FE8200013EC9A /* AAChartView.m */,
				D59DC01D218FE8200013EC9A /* AAGlobalMacro.h */,
				D59DC01E218FE8200013EC9A /* AASeriesElement.h */,
				D59DC01F218FE8200013EC9A /* AAChartModel.m */,
				D59DC020218FE8200013EC9A /* AAChartKit.h */,
				D59DC021218FE8200013EC9A /* AAOptions.m */,
				D59DC022218FE8200013EC9A /* AASeriesElement.m */,
				D59DC023218FE8200013EC9A /* AAChartView.h */,
				D59DC024218FE8200013EC9A /* AAChartModel.h */,
			);
			path = AAChartConfiger;
			sourceTree = "<group>";
		};
		D59DC043218FE8260013EC9A /* ThirdParty */ = {
			isa = PBXGroup;
			children = (
				D59DBFE5218FE8200013EC9A /* AAChartKitLib */,
			);
			path = ThirdParty;
			sourceTree = "<group>";
		};
		D59DC05321902EB40013EC9A /* Model */ = {
			isa = PBXGroup;
			children = (
				D59DC04A219028150013EC9A /* MDModel.h */,
				D59DC04B219028150013EC9A /* MDModel.m */,
				D59DC04D219028630013EC9A /* MDMeditationModel.h */,
				D59DC04E219028630013EC9A /* MDMeditationModel.m */,
				D59DC05021902E530013EC9A /* MDDistractionModel.h */,
				D59DC05121902E530013EC9A /* MDDistractionModel.m */,
			);
			path = Model;
			sourceTree = "<group>";
		};
		D59DC05A21902F5C0013EC9A /* ViewModel */ = {
			isa = PBXGroup;
			children = (
				D59DC05721902F510013EC9A /* MDMainViewModel.h */,
				D59DC05821902F510013EC9A /* MDMainViewModel.m */,
			);
			path = ViewModel;
			sourceTree = "<group>";
		};
		FCB5A782219A741100AC5CE0 /* StatisticModule */ = {
			isa = PBXGroup;
			children = (
				FCB5A77F219A684D00AC5CE0 /* MDCalendarCell.h */,
				FCB5A780219A684D00AC5CE0 /* MDCalendarCell.m */,
				FCB5A77C219A5FB400AC5CE0 /* MDCalendarViewController.h */,
				FCB5A77D219A5FB400AC5CE0 /* MDCalendarViewController.m */,
				FCB5A783219A743E00AC5CE0 /* MDCalendarViewModel.h */,
				FCB5A784219A743E00AC5CE0 /* MDCalendarViewModel.m */,
			);
			path = StatisticModule;
			sourceTree = "<group>";
		};
		FCB5A78D219AACFE00AC5CE0 /* Base */ = {
			isa = PBXGroup;
			children = (
				D59DC047218FECA70013EC9A /* MDViewController.h */,
				D59DC048218FECA70013EC9A /* MDViewController.m */,
				D59DC05421902F300013EC9A /* MDViewModel.h */,
				D59DC05521902F300013EC9A /* MDViewModel.m */,
				FCB5A789219AA4FA00AC5CE0 /* MDView.h */,
				FCB5A78A219AA4FA00AC5CE0 /* MDView.m */,
			);
			path = Base;
			sourceTree = "<group>";
		};
		FCB668B02195853800AC8FC8 /* MainModule */ = {
			isa = PBXGroup;
			children = (
				D59DC05321902EB40013EC9A /* Model */,
				D59DC05A21902F5C0013EC9A /* ViewModel */,
				FCB668B12195855900AC8FC8 /* ViewController */,
				FCB5A786219AA41400AC5CE0 /* MDNavigationBar.h */,
				FCB5A787219AA41400AC5CE0 /* MDNavigationBar.m */,
			);
			path = MainModule;
			sourceTree = "<group>";
		};
		FCB668B12195855900AC8FC8 /* ViewController */ = {
			isa = PBXGroup;
			children = (
				73161678218D9AD40034537D /* MainViewController.h */,
				73161679218D9AD40034537D /* MainViewController.m */,
				FCB668AD2195831400AC8FC8 /* StageOneViewController.h */,
				FCB668AE2195831400AC8FC8 /* StageOneViewController.m */,
				FCB668B2219585E300AC8FC8 /* StageZeroViewController.h */,
				FCB668B3219585E300AC8FC8 /* StageZeroViewController.m */,
			);
			path = ViewController;
			sourceTree = "<group>";
		};
/* End PBXGroup section */

/* Begin PBXNativeTarget section */
		73161671218D9AD40034537D /* Meditation */ = {
			isa = PBXNativeTarget;
			buildConfigurationList = 73161688218D9AD70034537D /* Build configuration list for PBXNativeTarget "Meditation" */;
			buildPhases = (
				84FBAEFC5FEBD0E2EBC89635 /* [CP] Check Pods Manifest.lock */,
				7316166E218D9AD40034537D /* Sources */,
				7316166F218D9AD40034537D /* Frameworks */,
				73161670218D9AD40034537D /* Resources */,
			);
			buildRules = (
			);
			dependencies = (
			);
			name = Meditation;
			productName = Meditation;
			productReference = 73161672218D9AD40034537D /* Meditation.app */;
			productType = "com.apple.product-type.application";
		};
/* End PBXNativeTarget section */

/* Begin PBXProject section */
		7316166A218D9AD40034537D /* Project object */ = {
			isa = PBXProject;
			attributes = {
				LastUpgradeCheck = 0940;
				ORGANIZATIONNAME = itenyh;
				TargetAttributes = {
					73161671218D9AD40034537D = {
						CreatedOnToolsVersion = 9.4.1;
					};
				};
			};
			buildConfigurationList = 7316166D218D9AD40034537D /* Build configuration list for PBXProject "Meditation" */;
			compatibilityVersion = "Xcode 9.3";
			developmentRegion = en;
			hasScannedForEncodings = 0;
			knownRegions = (
				en,
				Base,
			);
			mainGroup = 73161669218D9AD40034537D;
			productRefGroup = 73161673218D9AD40034537D /* Products */;
			projectDirPath = "";
			projectRoot = "";
			targets = (
				73161671218D9AD40034537D /* Meditation */,
			);
		};
/* End PBXProject section */

/* Begin PBXResourcesBuildPhase section */
		73161670218D9AD40034537D /* Resources */ = {
			isa = PBXResourcesBuildPhase;
			buildActionMask = 2147483647;
			files = (
				73161682218D9AD70034537D /* LaunchScreen.storyboard in Resources */,
				D59DC025218FE8200013EC9A /* AAJSFiles.bundle in Resources */,
				7316167F218D9AD70034537D /* Assets.xcassets in Resources */,
				7316167D218D9AD40034537D /* Main.storyboard in Resources */,
				73E34CC2218EABED00C2AB97 /* clock.wav in Resources */,
			);
			runOnlyForDeploymentPostprocessing = 0;
		};
/* End PBXResourcesBuildPhase section */

/* Begin PBXShellScriptBuildPhase section */
		84FBAEFC5FEBD0E2EBC89635 /* [CP] Check Pods Manifest.lock */ = {
			isa = PBXShellScriptBuildPhase;
			buildActionMask = 2147483647;
			files = (
			);
			inputPaths = (
				"${PODS_PODFILE_DIR_PATH}/Podfile.lock",
				"${PODS_ROOT}/Manifest.lock",
			);
			name = "[CP] Check Pods Manifest.lock";
			outputPaths = (
				"$(DERIVED_FILE_DIR)/Pods-Meditation-checkManifestLockResult.txt",
			);
			runOnlyForDeploymentPostprocessing = 0;
			shellPath = /bin/sh;
			shellScript = "diff \"${PODS_PODFILE_DIR_PATH}/Podfile.lock\" \"${PODS_ROOT}/Manifest.lock\" > /dev/null\nif [ $? != 0 ] ; then\n    # print error to STDERR\n    echo \"error: The sandbox is not in sync with the Podfile.lock. Run 'pod install' or update your CocoaPods installation.\" >&2\n    exit 1\nfi\n# This output is used by Xcode 'outputs' to avoid re-running this script phase.\necho \"SUCCESS\" > \"${SCRIPT_OUTPUT_FILE_0}\"\n";
			showEnvVarsInLog = 0;
		};
/* End PBXShellScriptBuildPhase section */

/* Begin PBXSourcesBuildPhase section */
		7316166E218D9AD40034537D /* Sources */ = {
			isa = PBXSourcesBuildPhase;
			buildActionMask = 2147483647;
			files = (
				D59DC02B218FE8200013EC9A /* AADataLabels.m in Sources */,
				FCB5A781219A684D00AC5CE0 /* MDCalendarCell.m in Sources */,
				D59DC035218FE8200013EC9A /* AABar.m in Sources */,
				7316167A218D9AD40034537D /* MainViewController.m in Sources */,
				D59DC02A218FE8200013EC9A /* AAPlotOptions.m in Sources */,
				D59DC039218FE8200013EC9A /* AALegend.m in Sources */,
				FCB668AA219530DC00AC8FC8 /* MDDetailViewController.m in Sources */,
				D59DC040218FE8200013EC9A /* AAChartModel.m in Sources */,
				D59DC041218FE8200013EC9A /* AAOptions.m in Sources */,
				D59DC02C218FE8200013EC9A /* AALine.m in Sources */,
				D59DC05921902F510013EC9A /* MDMainViewModel.m in Sources */,
				D59DC049218FECA70013EC9A /* MDViewController.m in Sources */,
				D59DC03A218FE8200013EC9A /* AAMarker.m in Sources */,
				D59DC028218FE8200013EC9A /* AASeries.m in Sources */,
				D59DC033218FE8200013EC9A /* AAOptions3d.m in Sources */,
				FCB5A788219AA41400AC5CE0 /* MDNavigationBar.m in Sources */,
				FCB5A78B219AA4FA00AC5CE0 /* MDView.m in Sources */,
				D59DC027218FE8200013EC9A /* AALabels.m in Sources */,
				D59DC05221902E530013EC9A /* MDDistractionModel.m in Sources */,
				FCB668A721952D5A00AC8FC8 /* MDContentViewController.m in Sources */,
				FCB5A77E219A5FB400AC5CE0 /* MDCalendarViewController.m in Sources */,
				D59DC05621902F300013EC9A /* MDViewModel.m in Sources */,
				FCB5A790219AB76000AC5CE0 /* MDTabBarView.m in Sources */,
				D59DC038218FE8200013EC9A /* AAAnimation.m in Sources */,
				D59DC03E218FE8200013EC9A /* AAChart.m in Sources */,
				D59DC03D218FE8200013EC9A /* AAPie.m in Sources */,
				FCB668A421952B2900AC8FC8 /* MDTabBarController.m in Sources */,
				FCB668B4219585E300AC8FC8 /* StageZeroViewController.m in Sources */,
				D59DC046218FEB9B0013EC9A /* HistoryViewController.m in Sources */,
				73161685218D9AD70034537D /* main.m in Sources */,
				D59DC037218FE8200013EC9A /* AAArea.m in Sources */,
				D59DC02F218FE8200013EC9A /* AAYAxis.m in Sources */,
				D59DC026218FE8200013EC9A /* AAAreaspline.m in Sources */,
				D59DC03C218FE8200013EC9A /* AAItemStyle.m in Sources */,
				D59DC03F218FE8200013EC9A /* AAChartView.m in Sources */,
				D59DC03B218FE8200013EC9A /* AASpline.m in Sources */,
				D59DC029218FE8200013EC9A /* AAXAxis.m in Sources */,
				D59DC02E218FE8200013EC9A /* AASubtitle.m in Sources */,
				D59DC04C219028150013EC9A /* MDModel.m in Sources */,
				D59DC031218FE8200013EC9A /* AAColumn.m in Sources */,
				73161677218D9AD40034537D /* AppDelegate.m in Sources */,
				D59DC032218FE8200013EC9A /* AAPlotLinesElement.m in Sources */,
				D59DC034218FE8200013EC9A /* AAStyle.m in Sources */,
				FCB5A785219A743E00AC5CE0 /* MDCalendarViewModel.m in Sources */,
				D59DC030218FE8200013EC9A /* AACrosshair.m in Sources */,
				D59DC04F219028630013EC9A /* MDMeditationModel.m in Sources */,
				FCB668AF2195831400AC8FC8 /* StageOneViewController.m in Sources */,
				D59DC036218FE8200013EC9A /* AATitle.m in Sources */,
				D59DC02D218FE8200013EC9A /* AATooltip.m in Sources */,
				D59DC042218FE8200013EC9A /* AASeriesElement.m in Sources */,
			);
			runOnlyForDeploymentPostprocessing = 0;
		};
/* End PBXSourcesBuildPhase section */

/* Begin PBXVariantGroup section */
		7316167B218D9AD40034537D /* Main.storyboard */ = {
			isa = PBXVariantGroup;
			children = (
				7316167C218D9AD40034537D /* Base */,
			);
			name = Main.storyboard;
			sourceTree = "<group>";
		};
		73161680218D9AD70034537D /* LaunchScreen.storyboard */ = {
			isa = PBXVariantGroup;
			children = (
				73161681218D9AD70034537D /* Base */,
			);
			name = LaunchScreen.storyboard;
			sourceTree = "<group>";
		};
/* End PBXVariantGroup section */

/* Begin XCBuildConfiguration section */
		73161686218D9AD70034537D /* Debug */ = {
			isa = XCBuildConfiguration;
			buildSettings = {
				ALWAYS_SEARCH_USER_PATHS = NO;
				CLANG_ANALYZER_NONNULL = YES;
				CLANG_ANALYZER_NUMBER_OBJECT_CONVERSION = YES_AGGRESSIVE;
				CLANG_CXX_LANGUAGE_STANDARD = "gnu++14";
				CLANG_CXX_LIBRARY = "libc++";
				CLANG_ENABLE_MODULES = YES;
				CLANG_ENABLE_OBJC_ARC = YES;
				CLANG_ENABLE_OBJC_WEAK = YES;
				CLANG_WARN_BLOCK_CAPTURE_AUTORELEASING = YES;
				CLANG_WARN_BOOL_CONVERSION = YES;
				CLANG_WARN_COMMA = YES;
				CLANG_WARN_CONSTANT_CONVERSION = YES;
				CLANG_WARN_DEPRECATED_OBJC_IMPLEMENTATIONS = YES;
				CLANG_WARN_DIRECT_OBJC_ISA_USAGE = YES_ERROR;
				CLANG_WARN_DOCUMENTATION_COMMENTS = YES;
				CLANG_WARN_EMPTY_BODY = YES;
				CLANG_WARN_ENUM_CONVERSION = YES;
				CLANG_WARN_INFINITE_RECURSION = YES;
				CLANG_WARN_INT_CONVERSION = YES;
				CLANG_WARN_NON_LITERAL_NULL_CONVERSION = YES;
				CLANG_WARN_OBJC_IMPLICIT_RETAIN_SELF = YES;
				CLANG_WARN_OBJC_LITERAL_CONVERSION = YES;
				CLANG_WARN_OBJC_ROOT_CLASS = YES_ERROR;
				CLANG_WARN_RANGE_LOOP_ANALYSIS = YES;
				CLANG_WARN_STRICT_PROTOTYPES = YES;
				CLANG_WARN_SUSPICIOUS_MOVE = YES;
				CLANG_WARN_UNGUARDED_AVAILABILITY = YES_AGGRESSIVE;
				CLANG_WARN_UNREACHABLE_CODE = YES;
				CLANG_WARN__DUPLICATE_METHOD_MATCH = YES;
				CODE_SIGN_IDENTITY = "iPhone Developer";
				COPY_PHASE_STRIP = NO;
				DEBUG_INFORMATION_FORMAT = dwarf;
				ENABLE_STRICT_OBJC_MSGSEND = YES;
				ENABLE_TESTABILITY = YES;
				GCC_C_LANGUAGE_STANDARD = gnu11;
				GCC_DYNAMIC_NO_PIC = NO;
				GCC_NO_COMMON_BLOCKS = YES;
				GCC_OPTIMIZATION_LEVEL = 0;
				GCC_PREPROCESSOR_DEFINITIONS = (
					"DEBUG=1",
					"$(inherited)",
				);
				GCC_WARN_64_TO_32_BIT_CONVERSION = YES;
				GCC_WARN_ABOUT_RETURN_TYPE = YES_ERROR;
				GCC_WARN_UNDECLARED_SELECTOR = YES;
				GCC_WARN_UNINITIALIZED_AUTOS = YES_AGGRESSIVE;
				GCC_WARN_UNUSED_FUNCTION = YES;
				GCC_WARN_UNUSED_VARIABLE = YES;
				IPHONEOS_DEPLOYMENT_TARGET = 11.4;
				MTL_ENABLE_DEBUG_INFO = YES;
				ONLY_ACTIVE_ARCH = YES;
				SDKROOT = iphoneos;
			};
			name = Debug;
		};
		73161687218D9AD70034537D /* Release */ = {
			isa = XCBuildConfiguration;
			buildSettings = {
				ALWAYS_SEARCH_USER_PATHS = NO;
				CLANG_ANALYZER_NONNULL = YES;
				CLANG_ANALYZER_NUMBER_OBJECT_CONVERSION = YES_AGGRESSIVE;
				CLANG_CXX_LANGUAGE_STANDARD = "gnu++14";
				CLANG_CXX_LIBRARY = "libc++";
				CLANG_ENABLE_MODULES = YES;
				CLANG_ENABLE_OBJC_ARC = YES;
				CLANG_ENABLE_OBJC_WEAK = YES;
				CLANG_WARN_BLOCK_CAPTURE_AUTORELEASING = YES;
				CLANG_WARN_BOOL_CONVERSION = YES;
				CLANG_WARN_COMMA = YES;
				CLANG_WARN_CONSTANT_CONVERSION = YES;
				CLANG_WARN_DEPRECATED_OBJC_IMPLEMENTATIONS = YES;
				CLANG_WARN_DIRECT_OBJC_ISA_USAGE = YES_ERROR;
				CLANG_WARN_DOCUMENTATION_COMMENTS = YES;
				CLANG_WARN_EMPTY_BODY = YES;
				CLANG_WARN_ENUM_CONVERSION = YES;
				CLANG_WARN_INFINITE_RECURSION = YES;
				CLANG_WARN_INT_CONVERSION = YES;
				CLANG_WARN_NON_LITERAL_NULL_CONVERSION = YES;
				CLANG_WARN_OBJC_IMPLICIT_RETAIN_SELF = YES;
				CLANG_WARN_OBJC_LITERAL_CONVERSION = YES;
				CLANG_WARN_OBJC_ROOT_CLASS = YES_ERROR;
				CLANG_WARN_RANGE_LOOP_ANALYSIS = YES;
				CLANG_WARN_STRICT_PROTOTYPES = YES;
				CLANG_WARN_SUSPICIOUS_MOVE = YES;
				CLANG_WARN_UNGUARDED_AVAILABILITY = YES_AGGRESSIVE;
				CLANG_WARN_UNREACHABLE_CODE = YES;
				CLANG_WARN__DUPLICATE_METHOD_MATCH = YES;
				CODE_SIGN_IDENTITY = "iPhone Developer";
				COPY_PHASE_STRIP = NO;
				DEBUG_INFORMATION_FORMAT = "dwarf-with-dsym";
				ENABLE_NS_ASSERTIONS = NO;
				ENABLE_STRICT_OBJC_MSGSEND = YES;
				GCC_C_LANGUAGE_STANDARD = gnu11;
				GCC_NO_COMMON_BLOCKS = YES;
				GCC_WARN_64_TO_32_BIT_CONVERSION = YES;
				GCC_WARN_ABOUT_RETURN_TYPE = YES_ERROR;
				GCC_WARN_UNDECLARED_SELECTOR = YES;
				GCC_WARN_UNINITIALIZED_AUTOS = YES_AGGRESSIVE;
				GCC_WARN_UNUSED_FUNCTION = YES;
				GCC_WARN_UNUSED_VARIABLE = YES;
				IPHONEOS_DEPLOYMENT_TARGET = 11.4;
				MTL_ENABLE_DEBUG_INFO = NO;
				SDKROOT = iphoneos;
				VALIDATE_PRODUCT = YES;
			};
			name = Release;
		};
		73161689218D9AD70034537D /* Debug */ = {
			isa = XCBuildConfiguration;
			baseConfigurationReference = 1462C2D6EC460660A55C07BB /* Pods-Meditation.debug.xcconfig */;
			buildSettings = {
				ASSETCATALOG_COMPILER_APPICON_NAME = AppIcon;
				CODE_SIGN_STYLE = Automatic;
				DEVELOPMENT_TEAM = 428CL6K7KT;
				GCC_PRECOMPILE_PREFIX_HEADER = YES;
				GCC_PREFIX_HEADER = "$(SRCROOT)/Meditation/Others/PrefixHeader.pch";
				INFOPLIST_FILE = "$(SRCROOT)/Meditation/Others/Info.plist";
				IPHONEOS_DEPLOYMENT_TARGET = 9.0;
				LD_RUNPATH_SEARCH_PATHS = (
					"$(inherited)",
					"@executable_path/Frameworks",
				);
				LIBRARY_SEARCH_PATHS = (
					"$(inherited)",
					"$(PROJECT_DIR)/Meditation/ThirdParty/HotLoad/ThirdParty/libffi",
				);
				PRODUCT_BUNDLE_IDENTIFIER = itenyh.Meditation;
				PRODUCT_NAME = "$(TARGET_NAME)";
				TARGETED_DEVICE_FAMILY = "1,2";
			};
			name = Debug;
		};
		7316168A218D9AD70034537D /* Release */ = {
			isa = XCBuildConfiguration;
			baseConfigurationReference = 06B3B5E6178C93E6798D676A /* Pods-Meditation.release.xcconfig */;
			buildSettings = {
				ASSETCATALOG_COMPILER_APPICON_NAME = AppIcon;
				CODE_SIGN_STYLE = Automatic;
				DEVELOPMENT_TEAM = 428CL6K7KT;
				GCC_PRECOMPILE_PREFIX_HEADER = YES;
				GCC_PREFIX_HEADER = "$(SRCROOT)/Meditation/Others/PrefixHeader.pch";
				INFOPLIST_FILE = "$(SRCROOT)/Meditation/Others/Info.plist";
				IPHONEOS_DEPLOYMENT_TARGET = 9.0;
				LD_RUNPATH_SEARCH_PATHS = (
					"$(inherited)",
					"@executable_path/Frameworks",
				);
				LIBRARY_SEARCH_PATHS = (
					"$(inherited)",
					"$(PROJECT_DIR)/Meditation/ThirdParty/HotLoad/ThirdParty/libffi",
				);
				PRODUCT_BUNDLE_IDENTIFIER = itenyh.Meditation;
				PRODUCT_NAME = "$(TARGET_NAME)";
				TARGETED_DEVICE_FAMILY = "1,2";
			};
			name = Release;
		};
/* End XCBuildConfiguration section */

/* Begin XCConfigurationList section */
		7316166D218D9AD40034537D /* Build configuration list for PBXProject "Meditation" */ = {
			isa = XCConfigurationList;
			buildConfigurations = (
				73161686218D9AD70034537D /* Debug */,
				73161687218D9AD70034537D /* Release */,
			);
			defaultConfigurationIsVisible = 0;
			defaultConfigurationName = Release;
		};
		73161688218D9AD70034537D /* Build configuration list for PBXNativeTarget "Meditation" */ = {
			isa = XCConfigurationList;
			buildConfigurations = (
				73161689218D9AD70034537D /* Debug */,
				7316168A218D9AD70034537D /* Release */,
			);
			defaultConfigurationIsVisible = 0;
			defaultConfigurationName = Release;
		};
/* End XCConfigurationList section */
	};
	rootObject = 7316166A218D9AD40034537D /* Project object */;
}
